
Microsoft Visual Studio Solution File, Format Version 12.00
# Visual Studio Version 16
VisualStudioVersion = 16.0.31729.503
MinimumVisualStudioVersion = 10.0.40219.1
Project("{9A19103F-16F7-4668-BE54-9A1E7A4F7556}") = "Kurs_", "Kurs_.csproj", "{D94D58B9-84E9-44E4-9BCB-C57A9C6D5EE4}"
EndProject
Project("{8BC9CEB8-8B4A-11D0-8D11-00A0C91BC942}") = "Lab8", "Lab8\Lab8.vcxproj", "{CA5542DD-5555-4558-BEF7-A28A7BADA4B7}"
EndProject
Global
	GlobalSection(SolutionConfigurationPlatforms) = preSolution
		Debug|Any CPU = Debug|Any CPU
		Debug|x64 = Debug|x64
		Debug|x86 = Debug|x86
		Release|Any CPU = Release|Any CPU
		Release|x64 = Release|x64
		Release|x86 = Release|x86
	EndGlobalSection
	GlobalSection(ProjectConfigurationPlatforms) = postSolution
		{D94D58B9-84E9-44E4-9BCB-C57A9C6D5EE4}.Debug|Any CPU.ActiveCfg = Debug|Any CPU
		{D94D58B9-84E9-44E4-9BCB-C57A9C6D5EE4}.Debug|Any CPU.Build.0 = Debug|Any CPU
		{D94D58B9-84E9-44E4-9BCB-C57A9C6D5EE4}.Debug|x64.ActiveCfg = Debug|Any CPU
		{D94D58B9-84E9-44E4-9BCB-C57A9C6D5EE4}.Debug|x64.Build.0 = Debug|Any CPU
		{D94D58B9-84E9-44E4-9BCB-C57A9C6D5EE4}.Debug|x86.ActiveCfg = Debug|Any CPU
		{D94D58B9-84E9-44E4-9BCB-C57A9C6D5EE4}.Debug|x86.Build.0 = Debug|Any CPU
		{D94D58B9-84E9-44E4-9BCB-C57A9C6D5EE4}.Release|Any CPU.ActiveCfg = Release|Any CPU
		{D94D58B9-84E9-44E4-9BCB-C57A9C6D5EE4}.Release|Any CPU.Build.0 = Release|Any CPU
		{D94D58B9-84E9-44E4-9BCB-C57A9C6D5EE4}.Release|x64.ActiveCfg = Release|Any CPU
		{D94D58B9-84E9-44E4-9BCB-C57A9C6D5EE4}.Release|x64.Build.0 = Release|Any CPU
		{D94D58B9-84E9-44E4-9BCB-C57A9C6D5EE4}.Release|x86.ActiveCfg = Release|Any CPU
		{D94D58B9-84E9-44E4-9BCB-C57A9C6D5EE4}.Release|x86.Build.0 = Release|Any CPU
		{CA5542DD-5555-4558-BEF7-A28A7BADA4B7}.Debug|Any CPU.ActiveCfg = Debug|Win32
		{CA5542DD-5555-4558-BEF7-A28A7BADA4B7}.Debug|x64.ActiveCfg = Debug|x64
		{CA5542DD-5555-4558-BEF7-A28A7BADA4B7}.Debug|x64.Build.0 = Debug|x64
		{CA5542DD-5555-4558-BEF7-A28A7BADA4B7}.Debug|x86.ActiveCfg = Debug|Win32
		{CA5542DD-5555-4558-BEF7-A28A7BADA4B7}.Debug|x86.Build.0 = Debug|Win32
		{CA5542DD-5555-4558-BEF7-A28A7BADA4B7}.Release|Any CPU.ActiveCfg = Release|Win32
		{CA5542DD-5555-4558-BEF7-A28A7BADA4B7}.Release|x64.ActiveCfg = Release|x64
		{CA5542DD-5555-4558-BEF7-A28A7BADA4B7}.Release|x64.Build.0 = Release|x64
		{CA5542DD-5555-4558-BEF7-A28A7BADA4B7}.Release|x86.ActiveCfg = Release|Win32
		{CA5542DD-5555-4558-BEF7-A28A7BADA4B7}.Release|x86.Build.0 = Release|Win32
	EndGlobalSection
	GlobalSection(SolutionProperties) = preSolution
		HideSolutionNode = FALSE
	EndGlobalSection
	GlobalSection(ExtensibilityGlobals) = postSolution
		SolutionGuid = {3A12DCD5-53C6-4D92-902D-AA458DF1DB77}
	EndGlobalSection
EndGlobal
